
Microsoft Visual Studio Solution File, Format Version 12.00
# Visual Studio 15
VisualStudioVersion = 15.0.26124.0
MinimumVisualStudioVersion = 15.0.26124.0
Project("{2150E333-8FDC-42A3-9474-1A3956D46DE8}") = "Source", "Source", "{3E605459-1BE9-4424-9014-1C3F51990650}"
EndProject
Project("{FAE04EC0-301F-11D3-BF4B-00C04F79EFBC}") = "Connectors", "Source\Connectors\Connectors.csproj", "{F213C99B-1762-447D-873A-208E0C840C1B}"
EndProject
Project("{FAE04EC0-301F-11D3-BF4B-00C04F79EFBC}") = "Boot", "Source\Boot\Boot.csproj", "{B669601B-67F4-4527-953B-DCDF349D5148}"
EndProject
Global
	GlobalSection(SolutionConfigurationPlatforms) = preSolution
		Debug|Any CPU = Debug|Any CPU
		Debug|x64 = Debug|x64
		Debug|x86 = Debug|x86
		Release|Any CPU = Release|Any CPU
		Release|x64 = Release|x64
		Release|x86 = Release|x86
	EndGlobalSection
	GlobalSection(SolutionProperties) = preSolution
		HideSolutionNode = FALSE
	EndGlobalSection
	GlobalSection(ProjectConfigurationPlatforms) = postSolution
		{F213C99B-1762-447D-873A-208E0C840C1B}.Debug|Any CPU.ActiveCfg = Debug|Any CPU
		{F213C99B-1762-447D-873A-208E0C840C1B}.Debug|Any CPU.Build.0 = Debug|Any CPU
		{F213C99B-1762-447D-873A-208E0C840C1B}.Debug|x64.ActiveCfg = Debug|Any CPU
		{F213C99B-1762-447D-873A-208E0C840C1B}.Debug|x64.Build.0 = Debug|Any CPU
		{F213C99B-1762-447D-873A-208E0C840C1B}.Debug|x86.ActiveCfg = Debug|Any CPU
		{F213C99B-1762-447D-873A-208E0C840C1B}.Debug|x86.Build.0 = Debug|Any CPU
		{F213C99B-1762-447D-873A-208E0C840C1B}.Release|Any CPU.ActiveCfg = Release|Any CPU
		{F213C99B-1762-447D-873A-208E0C840C1B}.Release|Any CPU.Build.0 = Release|Any CPU
		{F213C99B-1762-447D-873A-208E0C840C1B}.Release|x64.ActiveCfg = Release|Any CPU
		{F213C99B-1762-447D-873A-208E0C840C1B}.Release|x64.Build.0 = Release|Any CPU
		{F213C99B-1762-447D-873A-208E0C840C1B}.Release|x86.ActiveCfg = Release|Any CPU
		{F213C99B-1762-447D-873A-208E0C840C1B}.Release|x86.Build.0 = Release|Any CPU
		{B669601B-67F4-4527-953B-DCDF349D5148}.Debug|Any CPU.ActiveCfg = Debug|Any CPU
		{B669601B-67F4-4527-953B-DCDF349D5148}.Debug|Any CPU.Build.0 = Debug|Any CPU
		{B669601B-67F4-4527-953B-DCDF349D5148}.Debug|x64.ActiveCfg = Debug|Any CPU
		{B669601B-67F4-4527-953B-DCDF349D5148}.Debug|x64.Build.0 = Debug|Any CPU
		{B669601B-67F4-4527-953B-DCDF349D5148}.Debug|x86.ActiveCfg = Debug|Any CPU
		{B669601B-67F4-4527-953B-DCDF349D5148}.Debug|x86.Build.0 = Debug|Any CPU
		{B669601B-67F4-4527-953B-DCDF349D5148}.Release|Any CPU.ActiveCfg = Release|Any CPU
		{B669601B-67F4-4527-953B-DCDF349D5148}.Release|Any CPU.Build.0 = Release|Any CPU
		{B669601B-67F4-4527-953B-DCDF349D5148}.Release|x64.ActiveCfg = Release|Any CPU
		{B669601B-67F4-4527-953B-DCDF349D5148}.Release|x64.Build.0 = Release|Any CPU
		{B669601B-67F4-4527-953B-DCDF349D5148}.Release|x86.ActiveCfg = Release|Any CPU
		{B669601B-67F4-4527-953B-DCDF349D5148}.Release|x86.Build.0 = Release|Any CPU
	EndGlobalSection
	GlobalSection(NestedProjects) = preSolution
		{F213C99B-1762-447D-873A-208E0C840C1B} = {3E605459-1BE9-4424-9014-1C3F51990650}
		{B669601B-67F4-4527-953B-DCDF349D5148} = {3E605459-1BE9-4424-9014-1C3F51990650}
	EndGlobalSection
EndGlobal
