
Microsoft Visual Studio Solution File, Format Version 12.00
# Visual Studio 15
VisualStudioVersion = 15.0.26124.0
MinimumVisualStudioVersion = 15.0.26124.0
Project("{2150E333-8FDC-42A3-9474-1A3956D46DE8}") = "Source", "Source", "{3E605459-1BE9-4424-9014-1C3F51990650}"
EndProject
Project("{FAE04EC0-301F-11D3-BF4B-00C04F79EFBC}") = "Connectors", "Source\Connectors\Connectors.csproj", "{F213C99B-1762-447D-873A-208E0C840C1B}"
EndProject
Project("{FAE04EC0-301F-11D3-BF4B-00C04F79EFBC}") = "Connectors.Grpc.CSharp", "Source\Connectors.Grpc.CSharp\Connectors.Grpc.CSharp.csproj", "{983E0CC0-F99D-4617-B783-67433C3B4B6A}"
EndProject
Project("{FAE04EC0-301F-11D3-BF4B-00C04F79EFBC}") = "DataTypes.Protobuf.CSharp", "Source\DataTypes.Protobuf.CSharp\DataTypes.Protobuf.CSharp.csproj", "{8B85AEDD-A96D-48F4-B249-5D0D8C883083}"
EndProject
Project("{FAE04EC0-301F-11D3-BF4B-00C04F79EFBC}") = "DataPoints.Grpc.CSharp", "Source\DataPoints.Grpc.CSharp\DataPoints.Grpc.CSharp.csproj", "{273EA667-4E23-4B0F-BE83-7935D4E635FA}"
EndProject
Project("{FAE04EC0-301F-11D3-BF4B-00C04F79EFBC}") = "DataPoints", "Source\DataPoints\DataPoints.csproj", "{79E4E491-A8C8-49B7-A70A-10824E48E846}"
EndProject
Project("{FAE04EC0-301F-11D3-BF4B-00C04F79EFBC}") = "TimeSeries.Runtime", "Source\AggregatedPackage\TimeSeries.Runtime.csproj", "{B20A1FDB-93C2-404D-A50D-1420FBC0C1FF}"
EndProject
Project("{FAE04EC0-301F-11D3-BF4B-00C04F79EFBC}") = "Identity", "Source\Identity\Identity.csproj", "{62619DB0-35A3-4532-A750-8288680EE770}"
EndProject
Project("{2150E333-8FDC-42A3-9474-1A3956D46DE8}") = "Specifications", "Specifications", "{6062237D-05C7-4A60-A1B2-00869625DB0D}"
EndProject
Project("{FAE04EC0-301F-11D3-BF4B-00C04F79EFBC}") = "Identity", "Specifications\Identity\Identity.csproj", "{1F78A94C-BA2A-4933-87AE-63BBFA9D5AD5}"
EndProject
Global
	GlobalSection(SolutionConfigurationPlatforms) = preSolution
		Debug|Any CPU = Debug|Any CPU
		Debug|x64 = Debug|x64
		Debug|x86 = Debug|x86
		Release|Any CPU = Release|Any CPU
		Release|x64 = Release|x64
		Release|x86 = Release|x86
	EndGlobalSection
	GlobalSection(SolutionProperties) = preSolution
		HideSolutionNode = FALSE
	EndGlobalSection
	GlobalSection(ProjectConfigurationPlatforms) = postSolution
		{F213C99B-1762-447D-873A-208E0C840C1B}.Debug|Any CPU.ActiveCfg = Debug|Any CPU
		{F213C99B-1762-447D-873A-208E0C840C1B}.Debug|Any CPU.Build.0 = Debug|Any CPU
		{F213C99B-1762-447D-873A-208E0C840C1B}.Debug|x64.ActiveCfg = Debug|Any CPU
		{F213C99B-1762-447D-873A-208E0C840C1B}.Debug|x64.Build.0 = Debug|Any CPU
		{F213C99B-1762-447D-873A-208E0C840C1B}.Debug|x86.ActiveCfg = Debug|Any CPU
		{F213C99B-1762-447D-873A-208E0C840C1B}.Debug|x86.Build.0 = Debug|Any CPU
		{F213C99B-1762-447D-873A-208E0C840C1B}.Release|Any CPU.ActiveCfg = Release|Any CPU
		{F213C99B-1762-447D-873A-208E0C840C1B}.Release|Any CPU.Build.0 = Release|Any CPU
		{F213C99B-1762-447D-873A-208E0C840C1B}.Release|x64.ActiveCfg = Release|Any CPU
		{F213C99B-1762-447D-873A-208E0C840C1B}.Release|x64.Build.0 = Release|Any CPU
		{F213C99B-1762-447D-873A-208E0C840C1B}.Release|x86.ActiveCfg = Release|Any CPU
		{F213C99B-1762-447D-873A-208E0C840C1B}.Release|x86.Build.0 = Release|Any CPU
		{983E0CC0-F99D-4617-B783-67433C3B4B6A}.Debug|Any CPU.ActiveCfg = Debug|Any CPU
		{983E0CC0-F99D-4617-B783-67433C3B4B6A}.Debug|Any CPU.Build.0 = Debug|Any CPU
		{983E0CC0-F99D-4617-B783-67433C3B4B6A}.Debug|x64.ActiveCfg = Debug|Any CPU
		{983E0CC0-F99D-4617-B783-67433C3B4B6A}.Debug|x64.Build.0 = Debug|Any CPU
		{983E0CC0-F99D-4617-B783-67433C3B4B6A}.Debug|x86.ActiveCfg = Debug|Any CPU
		{983E0CC0-F99D-4617-B783-67433C3B4B6A}.Debug|x86.Build.0 = Debug|Any CPU
		{983E0CC0-F99D-4617-B783-67433C3B4B6A}.Release|Any CPU.ActiveCfg = Release|Any CPU
		{983E0CC0-F99D-4617-B783-67433C3B4B6A}.Release|Any CPU.Build.0 = Release|Any CPU
		{983E0CC0-F99D-4617-B783-67433C3B4B6A}.Release|x64.ActiveCfg = Release|Any CPU
		{983E0CC0-F99D-4617-B783-67433C3B4B6A}.Release|x64.Build.0 = Release|Any CPU
		{983E0CC0-F99D-4617-B783-67433C3B4B6A}.Release|x86.ActiveCfg = Release|Any CPU
		{983E0CC0-F99D-4617-B783-67433C3B4B6A}.Release|x86.Build.0 = Release|Any CPU
		{8B85AEDD-A96D-48F4-B249-5D0D8C883083}.Debug|Any CPU.ActiveCfg = Debug|Any CPU
		{8B85AEDD-A96D-48F4-B249-5D0D8C883083}.Debug|Any CPU.Build.0 = Debug|Any CPU
		{8B85AEDD-A96D-48F4-B249-5D0D8C883083}.Debug|x64.ActiveCfg = Debug|Any CPU
		{8B85AEDD-A96D-48F4-B249-5D0D8C883083}.Debug|x64.Build.0 = Debug|Any CPU
		{8B85AEDD-A96D-48F4-B249-5D0D8C883083}.Debug|x86.ActiveCfg = Debug|Any CPU
		{8B85AEDD-A96D-48F4-B249-5D0D8C883083}.Debug|x86.Build.0 = Debug|Any CPU
		{8B85AEDD-A96D-48F4-B249-5D0D8C883083}.Release|Any CPU.ActiveCfg = Release|Any CPU
		{8B85AEDD-A96D-48F4-B249-5D0D8C883083}.Release|Any CPU.Build.0 = Release|Any CPU
		{8B85AEDD-A96D-48F4-B249-5D0D8C883083}.Release|x64.ActiveCfg = Release|Any CPU
		{8B85AEDD-A96D-48F4-B249-5D0D8C883083}.Release|x64.Build.0 = Release|Any CPU
		{8B85AEDD-A96D-48F4-B249-5D0D8C883083}.Release|x86.ActiveCfg = Release|Any CPU
		{8B85AEDD-A96D-48F4-B249-5D0D8C883083}.Release|x86.Build.0 = Release|Any CPU
		{273EA667-4E23-4B0F-BE83-7935D4E635FA}.Debug|Any CPU.ActiveCfg = Debug|Any CPU
		{273EA667-4E23-4B0F-BE83-7935D4E635FA}.Debug|Any CPU.Build.0 = Debug|Any CPU
		{273EA667-4E23-4B0F-BE83-7935D4E635FA}.Debug|x64.ActiveCfg = Debug|Any CPU
		{273EA667-4E23-4B0F-BE83-7935D4E635FA}.Debug|x64.Build.0 = Debug|Any CPU
		{273EA667-4E23-4B0F-BE83-7935D4E635FA}.Debug|x86.ActiveCfg = Debug|Any CPU
		{273EA667-4E23-4B0F-BE83-7935D4E635FA}.Debug|x86.Build.0 = Debug|Any CPU
		{273EA667-4E23-4B0F-BE83-7935D4E635FA}.Release|Any CPU.ActiveCfg = Release|Any CPU
		{273EA667-4E23-4B0F-BE83-7935D4E635FA}.Release|Any CPU.Build.0 = Release|Any CPU
		{273EA667-4E23-4B0F-BE83-7935D4E635FA}.Release|x64.ActiveCfg = Release|Any CPU
		{273EA667-4E23-4B0F-BE83-7935D4E635FA}.Release|x64.Build.0 = Release|Any CPU
		{273EA667-4E23-4B0F-BE83-7935D4E635FA}.Release|x86.ActiveCfg = Release|Any CPU
		{273EA667-4E23-4B0F-BE83-7935D4E635FA}.Release|x86.Build.0 = Release|Any CPU
		{79E4E491-A8C8-49B7-A70A-10824E48E846}.Debug|Any CPU.ActiveCfg = Debug|Any CPU
		{79E4E491-A8C8-49B7-A70A-10824E48E846}.Debug|Any CPU.Build.0 = Debug|Any CPU
		{79E4E491-A8C8-49B7-A70A-10824E48E846}.Debug|x64.ActiveCfg = Debug|Any CPU
		{79E4E491-A8C8-49B7-A70A-10824E48E846}.Debug|x64.Build.0 = Debug|Any CPU
		{79E4E491-A8C8-49B7-A70A-10824E48E846}.Debug|x86.ActiveCfg = Debug|Any CPU
		{79E4E491-A8C8-49B7-A70A-10824E48E846}.Debug|x86.Build.0 = Debug|Any CPU
		{79E4E491-A8C8-49B7-A70A-10824E48E846}.Release|Any CPU.ActiveCfg = Release|Any CPU
		{79E4E491-A8C8-49B7-A70A-10824E48E846}.Release|Any CPU.Build.0 = Release|Any CPU
		{79E4E491-A8C8-49B7-A70A-10824E48E846}.Release|x64.ActiveCfg = Release|Any CPU
		{79E4E491-A8C8-49B7-A70A-10824E48E846}.Release|x64.Build.0 = Release|Any CPU
		{79E4E491-A8C8-49B7-A70A-10824E48E846}.Release|x86.ActiveCfg = Release|Any CPU
		{79E4E491-A8C8-49B7-A70A-10824E48E846}.Release|x86.Build.0 = Release|Any CPU
		{B20A1FDB-93C2-404D-A50D-1420FBC0C1FF}.Debug|Any CPU.ActiveCfg = Debug|Any CPU
		{B20A1FDB-93C2-404D-A50D-1420FBC0C1FF}.Debug|Any CPU.Build.0 = Debug|Any CPU
		{B20A1FDB-93C2-404D-A50D-1420FBC0C1FF}.Debug|x64.ActiveCfg = Debug|Any CPU
		{B20A1FDB-93C2-404D-A50D-1420FBC0C1FF}.Debug|x64.Build.0 = Debug|Any CPU
		{B20A1FDB-93C2-404D-A50D-1420FBC0C1FF}.Debug|x86.ActiveCfg = Debug|Any CPU
		{B20A1FDB-93C2-404D-A50D-1420FBC0C1FF}.Debug|x86.Build.0 = Debug|Any CPU
		{B20A1FDB-93C2-404D-A50D-1420FBC0C1FF}.Release|Any CPU.ActiveCfg = Release|Any CPU
		{B20A1FDB-93C2-404D-A50D-1420FBC0C1FF}.Release|Any CPU.Build.0 = Release|Any CPU
		{B20A1FDB-93C2-404D-A50D-1420FBC0C1FF}.Release|x64.ActiveCfg = Release|Any CPU
		{B20A1FDB-93C2-404D-A50D-1420FBC0C1FF}.Release|x64.Build.0 = Release|Any CPU
		{B20A1FDB-93C2-404D-A50D-1420FBC0C1FF}.Release|x86.ActiveCfg = Release|Any CPU
		{B20A1FDB-93C2-404D-A50D-1420FBC0C1FF}.Release|x86.Build.0 = Release|Any CPU
		{62619DB0-35A3-4532-A750-8288680EE770}.Debug|Any CPU.ActiveCfg = Debug|Any CPU
		{62619DB0-35A3-4532-A750-8288680EE770}.Debug|Any CPU.Build.0 = Debug|Any CPU
		{62619DB0-35A3-4532-A750-8288680EE770}.Debug|x64.ActiveCfg = Debug|Any CPU
		{62619DB0-35A3-4532-A750-8288680EE770}.Debug|x64.Build.0 = Debug|Any CPU
		{62619DB0-35A3-4532-A750-8288680EE770}.Debug|x86.ActiveCfg = Debug|Any CPU
		{62619DB0-35A3-4532-A750-8288680EE770}.Debug|x86.Build.0 = Debug|Any CPU
		{62619DB0-35A3-4532-A750-8288680EE770}.Release|Any CPU.ActiveCfg = Release|Any CPU
		{62619DB0-35A3-4532-A750-8288680EE770}.Release|Any CPU.Build.0 = Release|Any CPU
		{62619DB0-35A3-4532-A750-8288680EE770}.Release|x64.ActiveCfg = Release|Any CPU
		{62619DB0-35A3-4532-A750-8288680EE770}.Release|x64.Build.0 = Release|Any CPU
		{62619DB0-35A3-4532-A750-8288680EE770}.Release|x86.ActiveCfg = Release|Any CPU
		{62619DB0-35A3-4532-A750-8288680EE770}.Release|x86.Build.0 = Release|Any CPU
		{1F78A94C-BA2A-4933-87AE-63BBFA9D5AD5}.Debug|Any CPU.ActiveCfg = Debug|Any CPU
		{1F78A94C-BA2A-4933-87AE-63BBFA9D5AD5}.Debug|Any CPU.Build.0 = Debug|Any CPU
		{1F78A94C-BA2A-4933-87AE-63BBFA9D5AD5}.Debug|x64.ActiveCfg = Debug|Any CPU
		{1F78A94C-BA2A-4933-87AE-63BBFA9D5AD5}.Debug|x64.Build.0 = Debug|Any CPU
		{1F78A94C-BA2A-4933-87AE-63BBFA9D5AD5}.Debug|x86.ActiveCfg = Debug|Any CPU
		{1F78A94C-BA2A-4933-87AE-63BBFA9D5AD5}.Debug|x86.Build.0 = Debug|Any CPU
		{1F78A94C-BA2A-4933-87AE-63BBFA9D5AD5}.Release|Any CPU.ActiveCfg = Release|Any CPU
		{1F78A94C-BA2A-4933-87AE-63BBFA9D5AD5}.Release|Any CPU.Build.0 = Release|Any CPU
		{1F78A94C-BA2A-4933-87AE-63BBFA9D5AD5}.Release|x64.ActiveCfg = Release|Any CPU
		{1F78A94C-BA2A-4933-87AE-63BBFA9D5AD5}.Release|x64.Build.0 = Release|Any CPU
		{1F78A94C-BA2A-4933-87AE-63BBFA9D5AD5}.Release|x86.ActiveCfg = Release|Any CPU
		{1F78A94C-BA2A-4933-87AE-63BBFA9D5AD5}.Release|x86.Build.0 = Release|Any CPU
	EndGlobalSection
	GlobalSection(NestedProjects) = preSolution
		{F213C99B-1762-447D-873A-208E0C840C1B} = {3E605459-1BE9-4424-9014-1C3F51990650}
		{983E0CC0-F99D-4617-B783-67433C3B4B6A} = {3E605459-1BE9-4424-9014-1C3F51990650}
		{8B85AEDD-A96D-48F4-B249-5D0D8C883083} = {3E605459-1BE9-4424-9014-1C3F51990650}
		{273EA667-4E23-4B0F-BE83-7935D4E635FA} = {3E605459-1BE9-4424-9014-1C3F51990650}
		{79E4E491-A8C8-49B7-A70A-10824E48E846} = {3E605459-1BE9-4424-9014-1C3F51990650}
		{B20A1FDB-93C2-404D-A50D-1420FBC0C1FF} = {3E605459-1BE9-4424-9014-1C3F51990650}
		{62619DB0-35A3-4532-A750-8288680EE770} = {3E605459-1BE9-4424-9014-1C3F51990650}
		{1F78A94C-BA2A-4933-87AE-63BBFA9D5AD5} = {6062237D-05C7-4A60-A1B2-00869625DB0D}
	EndGlobalSection
EndGlobal
